
Microsoft Visual Studio Solution File, Format Version 12.00
# Visual Studio Version 16
VisualStudioVersion = 16.0.32228.343
MinimumVisualStudioVersion = 10.0.40219.1
Project("{9A19103F-16F7-4668-BE54-9A1E7A4F7556}") = "NetflixLibrary", "NetflixLibrary\NetflixLibrary.csproj", "{51DB8AB2-D4C0-41E8-92C9-9CF1491DEC25}"
EndProject
Project("{FAE04EC0-301F-11D3-BF4B-00C04F79EFBC}") = "DataAccess", "DataAccess\DataAccess.csproj", "{A5AC459D-6C0A-4D6E-AD65-ECB3E0FEC3A7}"
EndProject
Global
	GlobalSection(SolutionConfigurationPlatforms) = preSolution
		Debug|Any CPU = Debug|Any CPU
		Release|Any CPU = Release|Any CPU
	EndGlobalSection
	GlobalSection(ProjectConfigurationPlatforms) = postSolution
		{51DB8AB2-D4C0-41E8-92C9-9CF1491DEC25}.Debug|Any CPU.ActiveCfg = Debug|Any CPU
		{51DB8AB2-D4C0-41E8-92C9-9CF1491DEC25}.Debug|Any CPU.Build.0 = Debug|Any CPU
		{51DB8AB2-D4C0-41E8-92C9-9CF1491DEC25}.Release|Any CPU.ActiveCfg = Release|Any CPU
		{51DB8AB2-D4C0-41E8-92C9-9CF1491DEC25}.Release|Any CPU.Build.0 = Release|Any CPU
		{A5AC459D-6C0A-4D6E-AD65-ECB3E0FEC3A7}.Debug|Any CPU.ActiveCfg = Debug|Any CPU
		{A5AC459D-6C0A-4D6E-AD65-ECB3E0FEC3A7}.Debug|Any CPU.Build.0 = Debug|Any CPU
		{A5AC459D-6C0A-4D6E-AD65-ECB3E0FEC3A7}.Release|Any CPU.ActiveCfg = Release|Any CPU
		{A5AC459D-6C0A-4D6E-AD65-ECB3E0FEC3A7}.Release|Any CPU.Build.0 = Release|Any CPU
	EndGlobalSection
	GlobalSection(SolutionProperties) = preSolution
		HideSolutionNode = FALSE
	EndGlobalSection
	GlobalSection(ExtensibilityGlobals) = postSolution
		SolutionGuid = {7A3A2F35-EA6E-49FD-A85D-8CC0482EFE1C}
	EndGlobalSection
EndGlobal
